
Microsoft Visual Studio Solution File, Format Version 12.00
# Visual Studio 14
VisualStudioVersion = 14.0.25420.1
MinimumVisualStudioVersion = 10.0.40219.1
Project("{FAE04EC0-301F-11D3-BF4B-00C04F79EFBC}") = "WindowsMessenger", "WindowsMessenger\WindowsMessenger.csproj", "{1CC7E874-42F0-4D1E-9E7F-7906D39387D7}"
EndProject
Project("{2150E333-8FDC-42A3-9474-1A3956D46DE8}") = "Documentation", "Documentation", "{030C46EC-E095-4DE0-85D5-277900911D3E}"
	ProjectSection(SolutionItems) = preProject
		Documentation\Requirements.html = Documentation\Requirements.html
	EndProjectSection
EndProject
Project("{F088123C-0E9E-452A-89E6-6BA2F21D5CAC}") = "UMLDiagrams", "UMLDiagrams\UMLDiagrams.modelproj", "{EF1FB5E3-332F-409E-81F2-D1E25CE9C9BC}"
EndProject
Project("{FAE04EC0-301F-11D3-BF4B-00C04F79EFBC}") = "AndroidMessenger", "AndroidMessenger\AndroidMessenger.csproj", "{E713B85E-63C2-459A-9DAB-191D5A183107}"
EndProject
Project("{FAE04EC0-301F-11D3-BF4B-00C04F79EFBC}") = "BluetoothMessengerLib", "BluetoothMessengerLib\BluetoothMessengerLib.csproj", "{089D8096-2614-4925-8C00-67D50D6DB4A5}"
EndProject
Project("{2150E333-8FDC-42A3-9474-1A3956D46DE8}") = "Resources", "Resources", "{54F0E8BB-40B7-48CE-8E36-3F45B5E40D5A}"
	ProjectSection(SolutionItems) = preProject
		Resources\Icon.ai = Resources\Icon.ai
		Resources\Icon.png = Resources\Icon.png
	EndProjectSection
EndProject
Global
	GlobalSection(SolutionConfigurationPlatforms) = preSolution
		Debug|Any CPU = Debug|Any CPU
		Release|Any CPU = Release|Any CPU
	EndGlobalSection
	GlobalSection(ProjectConfigurationPlatforms) = postSolution
		{1CC7E874-42F0-4D1E-9E7F-7906D39387D7}.Debug|Any CPU.ActiveCfg = Debug|Any CPU
		{1CC7E874-42F0-4D1E-9E7F-7906D39387D7}.Debug|Any CPU.Build.0 = Debug|Any CPU
		{1CC7E874-42F0-4D1E-9E7F-7906D39387D7}.Release|Any CPU.ActiveCfg = Release|Any CPU
		{1CC7E874-42F0-4D1E-9E7F-7906D39387D7}.Release|Any CPU.Build.0 = Release|Any CPU
		{EF1FB5E3-332F-409E-81F2-D1E25CE9C9BC}.Debug|Any CPU.ActiveCfg = Debug|Any CPU
		{EF1FB5E3-332F-409E-81F2-D1E25CE9C9BC}.Debug|Any CPU.Build.0 = Debug|Any CPU
		{EF1FB5E3-332F-409E-81F2-D1E25CE9C9BC}.Release|Any CPU.ActiveCfg = Release|Any CPU
		{EF1FB5E3-332F-409E-81F2-D1E25CE9C9BC}.Release|Any CPU.Build.0 = Release|Any CPU
		{E713B85E-63C2-459A-9DAB-191D5A183107}.Debug|Any CPU.ActiveCfg = Debug|Any CPU
		{E713B85E-63C2-459A-9DAB-191D5A183107}.Debug|Any CPU.Build.0 = Debug|Any CPU
		{E713B85E-63C2-459A-9DAB-191D5A183107}.Debug|Any CPU.Deploy.0 = Debug|Any CPU
		{E713B85E-63C2-459A-9DAB-191D5A183107}.Release|Any CPU.ActiveCfg = Release|Any CPU
		{E713B85E-63C2-459A-9DAB-191D5A183107}.Release|Any CPU.Build.0 = Release|Any CPU
		{E713B85E-63C2-459A-9DAB-191D5A183107}.Release|Any CPU.Deploy.0 = Release|Any CPU
		{089D8096-2614-4925-8C00-67D50D6DB4A5}.Debug|Any CPU.ActiveCfg = Debug|Any CPU
		{089D8096-2614-4925-8C00-67D50D6DB4A5}.Debug|Any CPU.Build.0 = Debug|Any CPU
		{089D8096-2614-4925-8C00-67D50D6DB4A5}.Release|Any CPU.ActiveCfg = Release|Any CPU
		{089D8096-2614-4925-8C00-67D50D6DB4A5}.Release|Any CPU.Build.0 = Release|Any CPU
	EndGlobalSection
	GlobalSection(SolutionProperties) = preSolution
		HideSolutionNode = FALSE
	EndGlobalSection
EndGlobal
